
Microsoft Visual Studio Solution File, Format Version 12.00
# Visual Studio Version 17
VisualStudioVersion = 17.7.34031.279
MinimumVisualStudioVersion = 10.0.40219.1
Project("{9A19103F-16F7-4668-BE54-9A1E7A4F7556}") = "ProyectoModelamiento1", "ProyectoModelamiento1.csproj", "{8D4E184E-8C45-4E20-AD73-611C9046231A}"
EndProject
Global
	GlobalSection(SolutionConfigurationPlatforms) = preSolution
		Debug|Any CPU = Debug|Any CPU
		Release|Any CPU = Release|Any CPU
	EndGlobalSection
	GlobalSection(ProjectConfigurationPlatforms) = postSolution
		{8D4E184E-8C45-4E20-AD73-611C9046231A}.Debug|Any CPU.ActiveCfg = Debug|Any CPU
		{8D4E184E-8C45-4E20-AD73-611C9046231A}.Debug|Any CPU.Build.0 = Debug|Any CPU
		{8D4E184E-8C45-4E20-AD73-611C9046231A}.Release|Any CPU.ActiveCfg = Release|Any CPU
		{8D4E184E-8C45-4E20-AD73-611C9046231A}.Release|Any CPU.Build.0 = Release|Any CPU
	EndGlobalSection
	GlobalSection(SolutionProperties) = preSolution
		HideSolutionNode = FALSE
	EndGlobalSection
	GlobalSection(ExtensibilityGlobals) = postSolution
		SolutionGuid = {D4A10768-4A3A-4CE0-B651-85DF3EE8C91B}
	EndGlobalSection
EndGlobal
